
Microsoft Visual Studio Solution File, Format Version 12.00
# Visual Studio 14
VisualStudioVersion = 14.0.23107.0
MinimumVisualStudioVersion = 10.0.40219.1
Project("{FAE04EC0-301F-11D3-BF4B-00C04F79EFBC}") = "EmotionAPI-WPF-Samples", "EmotionAPI-WPF-Samples.csproj", "{AF7BED46-F071-4209-9C23-79BC912D0909}"
EndProject
Project("{FAE04EC0-301F-11D3-BF4B-00C04F79EFBC}") = "SampleUserControlLibrary", "..\..\..\SampleUtil\Windows\SampleUserControlLibrary\SampleUserControlLibrary.csproj", "{735929F0-F8F1-4D93-B027-5D034FA7892B}"
EndProject
Global
	GlobalSection(SolutionConfigurationPlatforms) = preSolution
		Debug|Any CPU = Debug|Any CPU
		Release|Any CPU = Release|Any CPU
	EndGlobalSection
	GlobalSection(ProjectConfigurationPlatforms) = postSolution
		{AF7BED46-F071-4209-9C23-79BC912D0909}.Debug|Any CPU.ActiveCfg = Debug|Any CPU
		{AF7BED46-F071-4209-9C23-79BC912D0909}.Debug|Any CPU.Build.0 = Debug|Any CPU
		{AF7BED46-F071-4209-9C23-79BC912D0909}.Release|Any CPU.ActiveCfg = Release|Any CPU
		{AF7BED46-F071-4209-9C23-79BC912D0909}.Release|Any CPU.Build.0 = Release|Any CPU
		{735929F0-F8F1-4D93-B027-5D034FA7892B}.Debug|Any CPU.ActiveCfg = Debug|Any CPU
		{735929F0-F8F1-4D93-B027-5D034FA7892B}.Debug|Any CPU.Build.0 = Debug|Any CPU
		{735929F0-F8F1-4D93-B027-5D034FA7892B}.Release|Any CPU.ActiveCfg = Release|Any CPU
		{735929F0-F8F1-4D93-B027-5D034FA7892B}.Release|Any CPU.Build.0 = Release|Any CPU
	EndGlobalSection
	GlobalSection(SolutionProperties) = preSolution
		HideSolutionNode = FALSE
	EndGlobalSection
EndGlobal
