Microsoft Visual Studio Solution File, Format Version 12.00
# Visual Studio 14
VisualStudioVersion = 14.0.23107.0
MinimumVisualStudioVersion = 10.0.40219.1
Project("{FAE04EC0-301F-11D3-BF4B-00C04F79EFBC}") = "FaceAPI-WPF-Samples", "FaceAPI-WPF-Samples.csproj", "{A25DFB19-C947-4A66-AEDE-FB2A960916AD}"
EndProject
Project("{FAE04EC0-301F-11D3-BF4B-00C04F79EFBC}") = "SampleUserControlLibrary", "..\..\..\SampleUtil\Windows\SampleUserControlLibrary\SampleUserControlLibrary.csproj", "{735929F0-F8F1-4D93-B027-5D034FA7892B}"
EndProject
Global
	GlobalSection(SolutionConfigurationPlatforms) = preSolution
		Debug|Any CPU = Debug|Any CPU
		Release|Any CPU = Release|Any CPU
	EndGlobalSection
	GlobalSection(ProjectConfigurationPlatforms) = postSolution
		{A25DFB19-C947-4A66-AEDE-FB2A960916AD}.Debug|Any CPU.ActiveCfg = Debug|Any CPU
		{A25DFB19-C947-4A66-AEDE-FB2A960916AD}.Debug|Any CPU.Build.0 = Debug|Any CPU
		{A25DFB19-C947-4A66-AEDE-FB2A960916AD}.Release|Any CPU.ActiveCfg = Release|Any CPU
		{A25DFB19-C947-4A66-AEDE-FB2A960916AD}.Release|Any CPU.Build.0 = Release|Any CPU
		{735929F0-F8F1-4D93-B027-5D034FA7892B}.Debug|Any CPU.ActiveCfg = Debug|Any CPU
		{735929F0-F8F1-4D93-B027-5D034FA7892B}.Debug|Any CPU.Build.0 = Debug|Any CPU
		{735929F0-F8F1-4D93-B027-5D034FA7892B}.Release|Any CPU.ActiveCfg = Release|Any CPU
		{735929F0-F8F1-4D93-B027-5D034FA7892B}.Release|Any CPU.Build.0 = Release|Any CPU
	EndGlobalSection
	GlobalSection(SolutionProperties) = preSolution
		HideSolutionNode = FALSE
	EndGlobalSection
	GlobalSection( ) = preSolution
	EndGlobalSection
EndGlobal
