
Microsoft Visual Studio Solution File, Format Version 12.00
# Visual Studio 2013
VisualStudioVersion = 12.0.31101.0
MinimumVisualStudioVersion = 10.0.40219.1
Project("{FAE04EC0-301F-11D3-BF4B-00C04F79EFBC}") = "WebLMClient", "ClientLibrary\WebLMClient.csproj", "{53D3ADDB-DDBB-4818-ABA3-E5437C566266}"
EndProject
Project("{FAE04EC0-301F-11D3-BF4B-00C04F79EFBC}") = "CSharpSample", "Sample\CSharpSample.csproj", "{91608EA0-C4ED-4873-A6F2-A7988F863E56}"
EndProject
Global
	GlobalSection(SolutionConfigurationPlatforms) = preSolution
		Debug|Any CPU = Debug|Any CPU
		Release|Any CPU = Release|Any CPU
	EndGlobalSection
	GlobalSection(ProjectConfigurationPlatforms) = postSolution
		{53D3ADDB-DDBB-4818-ABA3-E5437C566266}.Debug|Any CPU.ActiveCfg = Debug|Any CPU
		{53D3ADDB-DDBB-4818-ABA3-E5437C566266}.Debug|Any CPU.Build.0 = Debug|Any CPU
		{53D3ADDB-DDBB-4818-ABA3-E5437C566266}.Release|Any CPU.ActiveCfg = Release|Any CPU
		{53D3ADDB-DDBB-4818-ABA3-E5437C566266}.Release|Any CPU.Build.0 = Release|Any CPU
		{91608EA0-C4ED-4873-A6F2-A7988F863E56}.Debug|Any CPU.ActiveCfg = Debug|Any CPU
		{91608EA0-C4ED-4873-A6F2-A7988F863E56}.Debug|Any CPU.Build.0 = Debug|Any CPU
		{91608EA0-C4ED-4873-A6F2-A7988F863E56}.Release|Any CPU.ActiveCfg = Release|Any CPU
		{91608EA0-C4ED-4873-A6F2-A7988F863E56}.Release|Any CPU.Build.0 = Release|Any CPU
	EndGlobalSection
	GlobalSection(SolutionProperties) = preSolution
		HideSolutionNode = FALSE
	EndGlobalSection
EndGlobal
