// !$*UTF8*$!
{
	archiveVersion = 1;
	classes = {
	};
	objectVersion = 46;
	objects = {

/* Begin PBXBuildFile section */
		1B46F2530711F763947FED7F /* Pods_ProjectOxfordFace_Example.framework in Frameworks */ = {isa = PBXBuildFile; fileRef = 22A08107CFF4115308C38941 /* Pods_ProjectOxfordFace_Example.framework */; };
		2486A523614974481651130E /* Pods_ProjectOxfordFace_Tests.framework in Frameworks */ = {isa = PBXBuildFile; fileRef = 32382FEF7097DB01B6A4DBA5 /* Pods_ProjectOxfordFace_Tests.framework */; };
		6003F58E195388D20070C39A /* Foundation.framework in Frameworks */ = {isa = PBXBuildFile; fileRef = 6003F58D195388D20070C39A /* Foundation.framework */; };
		6003F590195388D20070C39A /* CoreGraphics.framework in Frameworks */ = {isa = PBXBuildFile; fileRef = 6003F58F195388D20070C39A /* CoreGraphics.framework */; };
		6003F592195388D20070C39A /* UIKit.framework in Frameworks */ = {isa = PBXBuildFile; fileRef = 6003F591195388D20070C39A /* UIKit.framework */; };
		6003F598195388D20070C39A /* InfoPlist.strings in Resources */ = {isa = PBXBuildFile; fileRef = 6003F596195388D20070C39A /* InfoPlist.strings */; };
		6003F59A195388D20070C39A /* main.m in Sources */ = {isa = PBXBuildFile; fileRef = 6003F599195388D20070C39A /* main.m */; };
		6003F59E195388D20070C39A /* MPOAppDelegate.m in Sources */ = {isa = PBXBuildFile; fileRef = 6003F59D195388D20070C39A /* MPOAppDelegate.m */; };
		6003F5A7195388D20070C39A /* MPODemoViewController.m in Sources */ = {isa = PBXBuildFile; fileRef = 6003F5A6195388D20070C39A /* MPODemoViewController.m */; };
		6003F5A9195388D20070C39A /* Images.xcassets in Resources */ = {isa = PBXBuildFile; fileRef = 6003F5A8195388D20070C39A /* Images.xcassets */; };
		6003F5B0195388D20070C39A /* XCTest.framework in Frameworks */ = {isa = PBXBuildFile; fileRef = 6003F5AF195388D20070C39A /* XCTest.framework */; };
		6003F5B1195388D20070C39A /* Foundation.framework in Frameworks */ = {isa = PBXBuildFile; fileRef = 6003F58D195388D20070C39A /* Foundation.framework */; };
		6003F5B2195388D20070C39A /* UIKit.framework in Frameworks */ = {isa = PBXBuildFile; fileRef = 6003F591195388D20070C39A /* UIKit.framework */; };
		6003F5BA195388D20070C39A /* InfoPlist.strings in Resources */ = {isa = PBXBuildFile; fileRef = 6003F5B8195388D20070C39A /* InfoPlist.strings */; };
		6003F5BC195388D20070C39A /* Tests.m in Sources */ = {isa = PBXBuildFile; fileRef = 6003F5BB195388D20070C39A /* Tests.m */; };
		EF575B0F1C6872540021A3AD /* DetectTestCase.m in Sources */ = {isa = PBXBuildFile; fileRef = EF575B061C6872540021A3AD /* DetectTestCase.m */; };
		EF575B101C6872540021A3AD /* GroupTestCase.m in Sources */ = {isa = PBXBuildFile; fileRef = EF575B071C6872540021A3AD /* GroupTestCase.m */; };
		EF575B111C6872540021A3AD /* IdentifyTestCase.m in Sources */ = {isa = PBXBuildFile; fileRef = EF575B081C6872540021A3AD /* IdentifyTestCase.m */; };
		EF575B121C6872540021A3AD /* MPOTestHelpers.m in Sources */ = {isa = PBXBuildFile; fileRef = EF575B0B1C6872540021A3AD /* MPOTestHelpers.m */; };
		EF575B131C6872540021A3AD /* PersonGroupTestCase.m in Sources */ = {isa = PBXBuildFile; fileRef = EF575B0C1C6872540021A3AD /* PersonGroupTestCase.m */; };
		EF575B141C6872540021A3AD /* SimilarTestCase.m in Sources */ = {isa = PBXBuildFile; fileRef = EF575B0D1C6872540021A3AD /* SimilarTestCase.m */; };
		EF575B151C6872540021A3AD /* VerifyTestCase.m in Sources */ = {isa = PBXBuildFile; fileRef = EF575B0E1C6872540021A3AD /* VerifyTestCase.m */; };
		EF5E15691C9CA3C800BA4B22 /* MPOGroupingViewController.m in Sources */ = {isa = PBXBuildFile; fileRef = EF5E15681C9CA3C800BA4B22 /* MPOGroupingViewController.m */; };
		EF5E156C1C9CAF5B00BA4B22 /* MPOGroupingTableViewCell.m in Sources */ = {isa = PBXBuildFile; fileRef = EF5E156B1C9CAF5B00BA4B22 /* MPOGroupingTableViewCell.m */; };
		EF5E156F1C9CB89500BA4B22 /* MPOGroupingFaceCellObject.m in Sources */ = {isa = PBXBuildFile; fileRef = EF5E156E1C9CB89500BA4B22 /* MPOGroupingFaceCellObject.m */; };
		EF707D731CA1061B00C7AF5D /* MPOActivityIndicatorViewController.m in Sources */ = {isa = PBXBuildFile; fileRef = EF707D711CA1061B00C7AF5D /* MPOActivityIndicatorViewController.m */; };
		EF707D741CA1061B00C7AF5D /* MPOActivityIndicatorViewController.xib in Resources */ = {isa = PBXBuildFile; fileRef = EF707D721CA1061B00C7AF5D /* MPOActivityIndicatorViewController.xib */; };
		EF7E8CA01CA0C5A8005FFB2F /* MSC12_John_001.jpg in Resources */ = {isa = PBXBuildFile; fileRef = EF7E8C991CA0C5A8005FFB2F /* MSC12_John_001.jpg */; };
		EF7E8CA11CA0C5A8005FFB2F /* MSC12_John_002.jpg in Resources */ = {isa = PBXBuildFile; fileRef = EF7E8C9A1CA0C5A8005FFB2F /* MSC12_John_002.jpg */; };
		EF7E8CA21CA0C5A8005FFB2F /* MSC13_ChrisA_01.jpg in Resources */ = {isa = PBXBuildFile; fileRef = EF7E8C9B1CA0C5A8005FFB2F /* MSC13_ChrisA_01.jpg */; };
		EF7E8CA31CA0C5A8005FFB2F /* MSC13_ChrisA_02.jpg in Resources */ = {isa = PBXBuildFile; fileRef = EF7E8C9C1CA0C5A8005FFB2F /* MSC13_ChrisA_02.jpg */; };
		EF7E8CA41CA0C5A8005FFB2F /* MSC13_ChrisA_04.jpg in Resources */ = {isa = PBXBuildFile; fileRef = EF7E8C9D1CA0C5A8005FFB2F /* MSC13_ChrisA_04.jpg */; };
		EF7E8CA51CA0C5A8005FFB2F /* WIN12_Alberto_01.png in Resources */ = {isa = PBXBuildFile; fileRef = EF7E8C9E1CA0C5A8005FFB2F /* WIN12_Alberto_01.png */; };
		EF7E8CA61CA0C5A8005FFB2F /* WIN12_Alberto_03.png in Resources */ = {isa = PBXBuildFile; fileRef = EF7E8C9F1CA0C5A8005FFB2F /* WIN12_Alberto_03.png */; };
		EF8BFFC51C9A9C40007FF1A3 /* MPOImageCollectionViewCell.m in Sources */ = {isa = PBXBuildFile; fileRef = EF8BFFC41C9A9C40007FF1A3 /* MPOImageCollectionViewCell.m */; };
		EF9BE0141C7083380017C1FB /* FaceListTestCase.m in Sources */ = {isa = PBXBuildFile; fileRef = EF9BE0131C7083380017C1FB /* FaceListTestCase.m */; };
		EFD119A31C9A2DF200CC118F /* MPOUtilities.m in Sources */ = {isa = PBXBuildFile; fileRef = EFD119A21C9A2DF200CC118F /* MPOUtilities.m */; };
		EFD119A61C9A596600CC118F /* MPOVerificationViewController.m in Sources */ = {isa = PBXBuildFile; fileRef = EFD119A51C9A596600CC118F /* MPOVerificationViewController.m */; };
		EFD5E59B1C79AA7300CD8FE8 /* MainStoryboard.storyboard in Resources */ = {isa = PBXBuildFile; fileRef = EFD5E59A1C79AA7300CD8FE8 /* MainStoryboard.storyboard */; };
		EFD5E59E1C79AE2700CD8FE8 /* MPODetectionViewController.m in Sources */ = {isa = PBXBuildFile; fileRef = EFD5E59D1C79AE2700CD8FE8 /* MPODetectionViewController.m */; };
		EFD5E5A31C79B3F600CD8FE8 /* MPODetectionCollectionViewCell.m in Sources */ = {isa = PBXBuildFile; fileRef = EFD5E5A21C79B3F600CD8FE8 /* MPODetectionCollectionViewCell.m */; };
/* End PBXBuildFile section */

/* Begin PBXContainerItemProxy section */
		6003F5B3195388D20070C39A /* PBXContainerItemProxy */ = {
			isa = PBXContainerItemProxy;
			containerPortal = 6003F582195388D10070C39A /* Project object */;
			proxyType = 1;
			remoteGlobalIDString = 6003F589195388D20070C39A;
			remoteInfo = ProjectOxfordFace;
		};
/* End PBXContainerItemProxy section */

/* Begin PBXFileReference section */
		0E49F1FE5F9E9E9B7ECCAD07 /* ProjectOxfordFace.podspec */ = {isa = PBXFileReference; includeInIndex = 1; lastKnownFileType = text; name = ProjectOxfordFace.podspec; path = ../ProjectOxfordFace.podspec; sourceTree = "<group>"; };
		22A08107CFF4115308C38941 /* Pods_ProjectOxfordFace_Example.framework */ = {isa = PBXFileReference; explicitFileType = wrapper.framework; includeInIndex = 0; path = Pods_ProjectOxfordFace_Example.framework; sourceTree = BUILT_PRODUCTS_DIR; };
		32382FEF7097DB01B6A4DBA5 /* Pods_ProjectOxfordFace_Tests.framework */ = {isa = PBXFileReference; explicitFileType = wrapper.framework; includeInIndex = 0; path = Pods_ProjectOxfordFace_Tests.framework; sourceTree = BUILT_PRODUCTS_DIR; };
		383B8562DF4DE37999FE4619 /* LICENSE */ = {isa = PBXFileReference; includeInIndex = 1; lastKnownFileType = text; name = LICENSE; path = ../LICENSE; sourceTree = "<group>"; };
		3A605DC677126D4E80C1EA81 /* README.md */ = {isa = PBXFileReference; includeInIndex = 1; lastKnownFileType = net.daringfireball.markdown; name = README.md; path = ../README.md; sourceTree = "<group>"; };
		6003F58A195388D20070C39A /* ProjectOxfordFace_Example.app */ = {isa = PBXFileReference; explicitFileType = wrapper.application; includeInIndex = 0; path = ProjectOxfordFace_Example.app; sourceTree = BUILT_PRODUCTS_DIR; };
		6003F58D195388D20070C39A /* Foundation.framework */ = {isa = PBXFileReference; lastKnownFileType = wrapper.framework; name = Foundation.framework; path = System/Library/Frameworks/Foundation.framework; sourceTree = SDKROOT; };
		6003F58F195388D20070C39A /* CoreGraphics.framework */ = {isa = PBXFileReference; lastKnownFileType = wrapper.framework; name = CoreGraphics.framework; path = System/Library/Frameworks/CoreGraphics.framework; sourceTree = SDKROOT; };
		6003F591195388D20070C39A /* UIKit.framework */ = {isa = PBXFileReference; lastKnownFileType = wrapper.framework; name = UIKit.framework; path = System/Library/Frameworks/UIKit.framework; sourceTree = SDKROOT; };
		6003F595195388D20070C39A /* ProjectOxfordFace-Info.plist */ = {isa = PBXFileReference; lastKnownFileType = text.plist.xml; path = "ProjectOxfordFace-Info.plist"; sourceTree = "<group>"; };
		6003F597195388D20070C39A /* en */ = {isa = PBXFileReference; lastKnownFileType = text.plist.strings; name = en; path = en.lproj/InfoPlist.strings; sourceTree = "<group>"; };
		6003F599195388D20070C39A /* main.m */ = {isa = PBXFileReference; lastKnownFileType = sourcecode.c.objc; path = main.m; sourceTree = "<group>"; };
		6003F59B195388D20070C39A /* ProjectOxfordFace-Prefix.pch */ = {isa = PBXFileReference; lastKnownFileType = sourcecode.c.h; path = "ProjectOxfordFace-Prefix.pch"; sourceTree = "<group>"; };
		6003F59C195388D20070C39A /* MPOAppDelegate.h */ = {isa = PBXFileReference; lastKnownFileType = sourcecode.c.h; path = MPOAppDelegate.h; sourceTree = "<group>"; };
		6003F59D195388D20070C39A /* MPOAppDelegate.m */ = {isa = PBXFileReference; lastKnownFileType = sourcecode.c.objc; path = MPOAppDelegate.m; sourceTree = "<group>"; };
		6003F5A5195388D20070C39A /* MPODemoViewController.h */ = {isa = PBXFileReference; lastKnownFileType = sourcecode.c.h; path = MPODemoViewController.h; sourceTree = "<group>"; };
		6003F5A6195388D20070C39A /* MPODemoViewController.m */ = {isa = PBXFileReference; lastKnownFileType = sourcecode.c.objc; path = MPODemoViewController.m; sourceTree = "<group>"; };
		6003F5A8195388D20070C39A /* Images.xcassets */ = {isa = PBXFileReference; lastKnownFileType = folder.assetcatalog; path = Images.xcassets; sourceTree = "<group>"; };
		6003F5AE195388D20070C39A /* ProjectOxfordFace_Tests.xctest */ = {isa = PBXFileReference; explicitFileType = wrapper.cfbundle; includeInIndex = 0; path = ProjectOxfordFace_Tests.xctest; sourceTree = BUILT_PRODUCTS_DIR; };
		6003F5AF195388D20070C39A /* XCTest.framework */ = {isa = PBXFileReference; lastKnownFileType = wrapper.framework; name = XCTest.framework; path = Library/Frameworks/XCTest.framework; sourceTree = DEVELOPER_DIR; };
		6003F5B7195388D20070C39A /* Tests-Info.plist */ = {isa = PBXFileReference; lastKnownFileType = text.plist.xml; path = "Tests-Info.plist"; sourceTree = "<group>"; };
		6003F5B9195388D20070C39A /* en */ = {isa = PBXFileReference; lastKnownFileType = text.plist.strings; name = en; path = en.lproj/InfoPlist.strings; sourceTree = "<group>"; };
		6003F5BB195388D20070C39A /* Tests.m */ = {isa = PBXFileReference; lastKnownFileType = sourcecode.c.objc; path = Tests.m; sourceTree = "<group>"; };
		606FC2411953D9B200FFA9A0 /* Tests-Prefix.pch */ = {isa = PBXFileReference; lastKnownFileType = sourcecode.c.h; path = "Tests-Prefix.pch"; sourceTree = "<group>"; };
		9BDF02FA75F8B09685202276 /* Pods-ProjectOxfordFace_Tests.release.xcconfig */ = {isa = PBXFileReference; includeInIndex = 1; lastKnownFileType = text.xcconfig; name = "Pods-ProjectOxfordFace_Tests.release.xcconfig"; path = "Pods/Target Support Files/Pods-ProjectOxfordFace_Tests/Pods-ProjectOxfordFace_Tests.release.xcconfig"; sourceTree = "<group>"; };
		C98BE20D78F163924B88A2C8 /* Pods-ProjectOxfordFace_Example.release.xcconfig */ = {isa = PBXFileReference; includeInIndex = 1; lastKnownFileType = text.xcconfig; name = "Pods-ProjectOxfordFace_Example.release.xcconfig"; path = "Pods/Target Support Files/Pods-ProjectOxfordFace_Example/Pods-ProjectOxfordFace_Example.release.xcconfig"; sourceTree = "<group>"; };
		DC59C05AFE225C7FB1863C1D /* Pods-ProjectOxfordFace_Example.debug.xcconfig */ = {isa = PBXFileReference; includeInIndex = 1; lastKnownFileType = text.xcconfig; name = "Pods-ProjectOxfordFace_Example.debug.xcconfig"; path = "Pods/Target Support Files/Pods-ProjectOxfordFace_Example/Pods-ProjectOxfordFace_Example.debug.xcconfig"; sourceTree = "<group>"; };
		EAD6BF53EC20FEF78B15D668 /* Pods-ProjectOxfordFace_Tests.debug.xcconfig */ = {isa = PBXFileReference; includeInIndex = 1; lastKnownFileType = text.xcconfig; name = "Pods-ProjectOxfordFace_Tests.debug.xcconfig"; path = "Pods/Target Support Files/Pods-ProjectOxfordFace_Tests/Pods-ProjectOxfordFace_Tests.debug.xcconfig"; sourceTree = "<group>"; };
		EF575B061C6872540021A3AD /* DetectTestCase.m */ = {isa = PBXFileReference; fileEncoding = 4; lastKnownFileType = sourcecode.c.objc; path = DetectTestCase.m; sourceTree = "<group>"; };
		EF575B071C6872540021A3AD /* GroupTestCase.m */ = {isa = PBXFileReference; fileEncoding = 4; lastKnownFileType = sourcecode.c.objc; path = GroupTestCase.m; sourceTree = "<group>"; };
		EF575B081C6872540021A3AD /* IdentifyTestCase.m */ = {isa = PBXFileReference; fileEncoding = 4; lastKnownFileType = sourcecode.c.objc; path = IdentifyTestCase.m; sourceTree = "<group>"; };
		EF575B091C6872540021A3AD /* MPOTestConstants.h */ = {isa = PBXFileReference; fileEncoding = 4; lastKnownFileType = sourcecode.c.h; path = MPOTestConstants.h; sourceTree = "<group>"; };
		EF575B0A1C6872540021A3AD /* MPOTestHelpers.h */ = {isa = PBXFileReference; fileEncoding = 4; lastKnownFileType = sourcecode.c.h; path = MPOTestHelpers.h; sourceTree = "<group>"; };
		EF575B0B1C6872540021A3AD /* MPOTestHelpers.m */ = {isa = PBXFileReference; fileEncoding = 4; lastKnownFileType = sourcecode.c.objc; path = MPOTestHelpers.m; sourceTree = "<group>"; };
		EF575B0C1C6872540021A3AD /* PersonGroupTestCase.m */ = {isa = PBXFileReference; fileEncoding = 4; lastKnownFileType = sourcecode.c.objc; path = PersonGroupTestCase.m; sourceTree = "<group>"; };
		EF575B0D1C6872540021A3AD /* SimilarTestCase.m */ = {isa = PBXFileReference; fileEncoding = 4; lastKnownFileType = sourcecode.c.objc; path = SimilarTestCase.m; sourceTree = "<group>"; };
		EF575B0E1C6872540021A3AD /* VerifyTestCase.m */ = {isa = PBXFileReference; fileEncoding = 4; lastKnownFileType = sourcecode.c.objc; path = VerifyTestCase.m; sourceTree = "<group>"; };
		EF5E15671C9CA3C800BA4B22 /* MPOGroupingViewController.h */ = {isa = PBXFileReference; fileEncoding = 4; lastKnownFileType = sourcecode.c.h; path = MPOGroupingViewController.h; sourceTree = "<group>"; };
		EF5E15681C9CA3C800BA4B22 /* MPOGroupingViewController.m */ = {isa = PBXFileReference; fileEncoding = 4; lastKnownFileType = sourcecode.c.objc; path = MPOGroupingViewController.m; sourceTree = "<group>"; };
		EF5E156A1C9CAF5B00BA4B22 /* MPOGroupingTableViewCell.h */ = {isa = PBXFileReference; fileEncoding = 4; lastKnownFileType = sourcecode.c.h; path = MPOGroupingTableViewCell.h; sourceTree = "<group>"; };
		EF5E156B1C9CAF5B00BA4B22 /* MPOGroupingTableViewCell.m */ = {isa = PBXFileReference; fileEncoding = 4; lastKnownFileType = sourcecode.c.objc; path = MPOGroupingTableViewCell.m; sourceTree = "<group>"; };
		EF5E156D1C9CB89500BA4B22 /* MPOGroupingFaceCellObject.h */ = {isa = PBXFileReference; fileEncoding = 4; lastKnownFileType = sourcecode.c.h; path = MPOGroupingFaceCellObject.h; sourceTree = "<group>"; };
		EF5E156E1C9CB89500BA4B22 /* MPOGroupingFaceCellObject.m */ = {isa = PBXFileReference; fileEncoding = 4; lastKnownFileType = sourcecode.c.objc; path = MPOGroupingFaceCellObject.m; sourceTree = "<group>"; };
		EF5E15761C9CC8D100BA4B22 /* MPODemoConstants.h */ = {isa = PBXFileReference; fileEncoding = 4; lastKnownFileType = sourcecode.c.h; path = MPODemoConstants.h; sourceTree = "<group>"; };
		EF707D701CA1061B00C7AF5D /* MPOActivityIndicatorViewController.h */ = {isa = PBXFileReference; fileEncoding = 4; lastKnownFileType = sourcecode.c.h; path = MPOActivityIndicatorViewController.h; sourceTree = "<group>"; };
		EF707D711CA1061B00C7AF5D /* MPOActivityIndicatorViewController.m */ = {isa = PBXFileReference; fileEncoding = 4; lastKnownFileType = sourcecode.c.objc; path = MPOActivityIndicatorViewController.m; sourceTree = "<group>"; };
		EF707D721CA1061B00C7AF5D /* MPOActivityIndicatorViewController.xib */ = {isa = PBXFileReference; fileEncoding = 4; lastKnownFileType = file.xib; path = MPOActivityIndicatorViewController.xib; sourceTree = "<group>"; };
		EF7E8C991CA0C5A8005FFB2F /* MSC12_John_001.jpg */ = {isa = PBXFileReference; lastKnownFileType = image.jpeg; name = MSC12_John_001.jpg; path = SampleImages/MSC12_John_001.jpg; sourceTree = SOURCE_ROOT; };
		EF7E8C9A1CA0C5A8005FFB2F /* MSC12_John_002.jpg */ = {isa = PBXFileReference; lastKnownFileType = image.jpeg; name = MSC12_John_002.jpg; path = SampleImages/MSC12_John_002.jpg; sourceTree = SOURCE_ROOT; };
		EF7E8C9B1CA0C5A8005FFB2F /* MSC13_ChrisA_01.jpg */ = {isa = PBXFileReference; lastKnownFileType = image.jpeg; name = MSC13_ChrisA_01.jpg; path = SampleImages/MSC13_ChrisA_01.jpg; sourceTree = SOURCE_ROOT; };
		EF7E8C9C1CA0C5A8005FFB2F /* MSC13_ChrisA_02.jpg */ = {isa = PBXFileReference; lastKnownFileType = image.jpeg; name = MSC13_ChrisA_02.jpg; path = SampleImages/MSC13_ChrisA_02.jpg; sourceTree = SOURCE_ROOT; };
		EF7E8C9D1CA0C5A8005FFB2F /* MSC13_ChrisA_04.jpg */ = {isa = PBXFileReference; lastKnownFileType = image.jpeg; name = MSC13_ChrisA_04.jpg; path = SampleImages/MSC13_ChrisA_04.jpg; sourceTree = SOURCE_ROOT; };
		EF7E8C9E1CA0C5A8005FFB2F /* WIN12_Alberto_01.png */ = {isa = PBXFileReference; lastKnownFileType = image.png; name = WIN12_Alberto_01.png; path = SampleImages/WIN12_Alberto_01.png; sourceTree = SOURCE_ROOT; };
		EF7E8C9F1CA0C5A8005FFB2F /* WIN12_Alberto_03.png */ = {isa = PBXFileReference; lastKnownFileType = image.png; name = WIN12_Alberto_03.png; path = SampleImages/WIN12_Alberto_03.png; sourceTree = SOURCE_ROOT; };
		EF8BFFC31C9A9C40007FF1A3 /* MPOImageCollectionViewCell.h */ = {isa = PBXFileReference; fileEncoding = 4; lastKnownFileType = sourcecode.c.h; path = MPOImageCollectionViewCell.h; sourceTree = "<group>"; };
		EF8BFFC41C9A9C40007FF1A3 /* MPOImageCollectionViewCell.m */ = {isa = PBXFileReference; fileEncoding = 4; lastKnownFileType = sourcecode.c.objc; path = MPOImageCollectionViewCell.m; sourceTree = "<group>"; };
		EF9BE0131C7083380017C1FB /* FaceListTestCase.m */ = {isa = PBXFileReference; fileEncoding = 4; lastKnownFileType = sourcecode.c.objc; path = FaceListTestCase.m; sourceTree = "<group>"; };
		EFD119A11C9A2DF200CC118F /* MPOUtilities.h */ = {isa = PBXFileReference; fileEncoding = 4; lastKnownFileType = sourcecode.c.h; path = MPOUtilities.h; sourceTree = "<group>"; };
		EFD119A21C9A2DF200CC118F /* MPOUtilities.m */ = {isa = PBXFileReference; fileEncoding = 4; lastKnownFileType = sourcecode.c.objc; path = MPOUtilities.m; sourceTree = "<group>"; };
		EFD119A41C9A596600CC118F /* MPOVerificationViewController.h */ = {isa = PBXFileReference; fileEncoding = 4; lastKnownFileType = sourcecode.c.h; path = MPOVerificationViewController.h; sourceTree = "<group>"; };
		EFD119A51C9A596600CC118F /* MPOVerificationViewController.m */ = {isa = PBXFileReference; fileEncoding = 4; lastKnownFileType = sourcecode.c.objc; path = MPOVerificationViewController.m; sourceTree = "<group>"; };
		EFD5E59A1C79AA7300CD8FE8 /* MainStoryboard.storyboard */ = {isa = PBXFileReference; fileEncoding = 4; lastKnownFileType = file.storyboard; name = MainStoryboard.storyboard; path = ../MainStoryboard.storyboard; sourceTree = "<group>"; };
		EFD5E59C1C79AE2700CD8FE8 /* MPODetectionViewController.h */ = {isa = PBXFileReference; fileEncoding = 4; lastKnownFileType = sourcecode.c.h; path = MPODetectionViewController.h; sourceTree = "<group>"; };
		EFD5E59D1C79AE2700CD8FE8 /* MPODetectionViewController.m */ = {isa = PBXFileReference; fileEncoding = 4; lastKnownFileType = sourcecode.c.objc; path = MPODetectionViewController.m; sourceTree = "<group>"; };
		EFD5E5A11C79B3F600CD8FE8 /* MPODetectionCollectionViewCell.h */ = {isa = PBXFileReference; fileEncoding = 4; lastKnownFileType = sourcecode.c.h; path = MPODetectionCollectionViewCell.h; sourceTree = "<group>"; };
		EFD5E5A21C79B3F600CD8FE8 /* MPODetectionCollectionViewCell.m */ = {isa = PBXFileReference; fileEncoding = 4; lastKnownFileType = sourcecode.c.objc; path = MPODetectionCollectionViewCell.m; sourceTree = "<group>"; };
/* End PBXFileReference section */

/* Begin PBXFrameworksBuildPhase section */
		6003F587195388D20070C39A /* Frameworks */ = {
			isa = PBXFrameworksBuildPhase;
			buildActionMask = 2147483647;
			files = (
				6003F590195388D20070C39A /* CoreGraphics.framework in Frameworks */,
				6003F592195388D20070C39A /* UIKit.framework in Frameworks */,
				6003F58E195388D20070C39A /* Foundation.framework in Frameworks */,
				1B46F2530711F763947FED7F /* Pods_ProjectOxfordFace_Example.framework in Frameworks */,
			);
			runOnlyForDeploymentPostprocessing = 0;
		};
		6003F5AB195388D20070C39A /* Frameworks */ = {
			isa = PBXFrameworksBuildPhase;
			buildActionMask = 2147483647;
			files = (
				6003F5B0195388D20070C39A /* XCTest.framework in Frameworks */,
				6003F5B2195388D20070C39A /* UIKit.framework in Frameworks */,
				6003F5B1195388D20070C39A /* Foundation.framework in Frameworks */,
				2486A523614974481651130E /* Pods_ProjectOxfordFace_Tests.framework in Frameworks */,
			);
			runOnlyForDeploymentPostprocessing = 0;
		};
/* End PBXFrameworksBuildPhase section */

/* Begin PBXGroup section */
		6003F581195388D10070C39A = {
			isa = PBXGroup;
			children = (
				60FF7A9C1954A5C5007DD14C /* Podspec Metadata */,
				6003F593195388D20070C39A /* Example for ProjectOxfordFace */,
				6003F5B5195388D20070C39A /* Tests */,
				6003F58C195388D20070C39A /* Frameworks */,
				6003F58B195388D20070C39A /* Products */,
				7AA7EAFD6372A5418AC6E881 /* Pods */,
			);
			sourceTree = "<group>";
		};
		6003F58B195388D20070C39A /* Products */ = {
			isa = PBXGroup;
			children = (
				6003F58A195388D20070C39A /* ProjectOxfordFace_Example.app */,
				6003F5AE195388D20070C39A /* ProjectOxfordFace_Tests.xctest */,
			);
			name = Products;
			sourceTree = "<group>";
		};
		6003F58C195388D20070C39A /* Frameworks */ = {
			isa = PBXGroup;
			children = (
				6003F58D195388D20070C39A /* Foundation.framework */,
				6003F58F195388D20070C39A /* CoreGraphics.framework */,
				6003F591195388D20070C39A /* UIKit.framework */,
				6003F5AF195388D20070C39A /* XCTest.framework */,
				22A08107CFF4115308C38941 /* Pods_ProjectOxfordFace_Example.framework */,
				32382FEF7097DB01B6A4DBA5 /* Pods_ProjectOxfordFace_Tests.framework */,
			);
			name = Frameworks;
			sourceTree = "<group>";
		};
		6003F593195388D20070C39A /* Example for ProjectOxfordFace */ = {
			isa = PBXGroup;
			children = (
				EF5E15761C9CC8D100BA4B22 /* MPODemoConstants.h */,
				EFD5E59A1C79AA7300CD8FE8 /* MainStoryboard.storyboard */,
				EFD119A11C9A2DF200CC118F /* MPOUtilities.h */,
				EFD119A21C9A2DF200CC118F /* MPOUtilities.m */,
				EF8BFFC31C9A9C40007FF1A3 /* MPOImageCollectionViewCell.h */,
				EF8BFFC41C9A9C40007FF1A3 /* MPOImageCollectionViewCell.m */,
				EF33A6501C9C944F00C62A7E /* Detection */,
				EF707D751CA10C9C00C7AF5D /* Helpers */,
				EF33A6511C9C945500C62A7E /* Verification */,
				EF5E15701C9CC4B800BA4B22 /* Grouping */,
				6003F59C195388D20070C39A /* MPOAppDelegate.h */,
				6003F59D195388D20070C39A /* MPOAppDelegate.m */,
				6003F5A5195388D20070C39A /* MPODemoViewController.h */,
				6003F5A6195388D20070C39A /* MPODemoViewController.m */,
				6003F5A8195388D20070C39A /* Images.xcassets */,
				6003F594195388D20070C39A /* Supporting Files */,
			);
			name = "Example for ProjectOxfordFace";
			path = ProjectOxfordFace;
			sourceTree = "<group>";
		};
		6003F594195388D20070C39A /* Supporting Files */ = {
			isa = PBXGroup;
			children = (
				6003F595195388D20070C39A /* ProjectOxfordFace-Info.plist */,
				6003F596195388D20070C39A /* InfoPlist.strings */,
				6003F599195388D20070C39A /* main.m */,
				6003F59B195388D20070C39A /* ProjectOxfordFace-Prefix.pch */,
			);
			name = "Supporting Files";
			sourceTree = "<group>";
		};
		6003F5B5195388D20070C39A /* Tests */ = {
			isa = PBXGroup;
			children = (
				EFE53D071CA0D46700C37898 /* Images */,
				EF575B061C6872540021A3AD /* DetectTestCase.m */,
				EF575B071C6872540021A3AD /* GroupTestCase.m */,
				EF575B081C6872540021A3AD /* IdentifyTestCase.m */,
				EF575B091C6872540021A3AD /* MPOTestConstants.h */,
				EF575B0A1C6872540021A3AD /* MPOTestHelpers.h */,
				EF575B0B1C6872540021A3AD /* MPOTestHelpers.m */,
				EF575B0C1C6872540021A3AD /* PersonGroupTestCase.m */,
				EF575B0D1C6872540021A3AD /* SimilarTestCase.m */,
				EF575B0E1C6872540021A3AD /* VerifyTestCase.m */,
				EF9BE0131C7083380017C1FB /* FaceListTestCase.m */,
				6003F5BB195388D20070C39A /* Tests.m */,
				6003F5B6195388D20070C39A /* Supporting Files */,
			);
			path = Tests;
			sourceTree = "<group>";
		};
		6003F5B6195388D20070C39A /* Supporting Files */ = {
			isa = PBXGroup;
			children = (
				6003F5B7195388D20070C39A /* Tests-Info.plist */,
				6003F5B8195388D20070C39A /* InfoPlist.strings */,
				606FC2411953D9B200FFA9A0 /* Tests-Prefix.pch */,
			);
			name = "Supporting Files";
			sourceTree = "<group>";
		};
		60FF7A9C1954A5C5007DD14C /* Podspec Metadata */ = {
			isa = PBXGroup;
			children = (
				0E49F1FE5F9E9E9B7ECCAD07 /* ProjectOxfordFace.podspec */,
				3A605DC677126D4E80C1EA81 /* README.md */,
				383B8562DF4DE37999FE4619 /* LICENSE */,
			);
			name = "Podspec Metadata";
			sourceTree = "<group>";
		};
		7AA7EAFD6372A5418AC6E881 /* Pods */ = {
			isa = PBXGroup;
			children = (
				DC59C05AFE225C7FB1863C1D /* Pods-ProjectOxfordFace_Example.debug.xcconfig */,
				C98BE20D78F163924B88A2C8 /* Pods-ProjectOxfordFace_Example.release.xcconfig */,
				EAD6BF53EC20FEF78B15D668 /* Pods-ProjectOxfordFace_Tests.debug.xcconfig */,
				9BDF02FA75F8B09685202276 /* Pods-ProjectOxfordFace_Tests.release.xcconfig */,
			);
			name = Pods;
			sourceTree = "<group>";
		};
		EF33A6501C9C944F00C62A7E /* Detection */ = {
			isa = PBXGroup;
			children = (
				EFD5E59C1C79AE2700CD8FE8 /* MPODetectionViewController.h */,
				EFD5E59D1C79AE2700CD8FE8 /* MPODetectionViewController.m */,
			);
			name = Detection;
			sourceTree = "<group>";
		};
		EF33A6511C9C945500C62A7E /* Verification */ = {
			isa = PBXGroup;
			children = (
				EFD119A41C9A596600CC118F /* MPOVerificationViewController.h */,
				EFD119A51C9A596600CC118F /* MPOVerificationViewController.m */,
			);
			name = Verification;
			sourceTree = "<group>";
		};
		EF5E15701C9CC4B800BA4B22 /* Grouping */ = {
			isa = PBXGroup;
			children = (
				EF5E15671C9CA3C800BA4B22 /* MPOGroupingViewController.h */,
				EF5E15681C9CA3C800BA4B22 /* MPOGroupingViewController.m */,
				EF5E156D1C9CB89500BA4B22 /* MPOGroupingFaceCellObject.h */,
				EF5E156E1C9CB89500BA4B22 /* MPOGroupingFaceCellObject.m */,
				EF5E156A1C9CAF5B00BA4B22 /* MPOGroupingTableViewCell.h */,
				EF5E156B1C9CAF5B00BA4B22 /* MPOGroupingTableViewCell.m */,
			);
			name = Grouping;
			sourceTree = "<group>";
		};
		EF707D751CA10C9C00C7AF5D /* Helpers */ = {
			isa = PBXGroup;
			children = (
				EFD5E5A11C79B3F600CD8FE8 /* MPODetectionCollectionViewCell.h */,
				EFD5E5A21C79B3F600CD8FE8 /* MPODetectionCollectionViewCell.m */,
				EF707D701CA1061B00C7AF5D /* MPOActivityIndicatorViewController.h */,
				EF707D711CA1061B00C7AF5D /* MPOActivityIndicatorViewController.m */,
				EF707D721CA1061B00C7AF5D /* MPOActivityIndicatorViewController.xib */,
			);
			name = Helpers;
			sourceTree = "<group>";
		};
		EFE53D071CA0D46700C37898 /* Images */ = {
			isa = PBXGroup;
			children = (
				EF7E8C991CA0C5A8005FFB2F /* MSC12_John_001.jpg */,
				EF7E8C9A1CA0C5A8005FFB2F /* MSC12_John_002.jpg */,
				EF7E8C9B1CA0C5A8005FFB2F /* MSC13_ChrisA_01.jpg */,
				EF7E8C9C1CA0C5A8005FFB2F /* MSC13_ChrisA_02.jpg */,
				EF7E8C9D1CA0C5A8005FFB2F /* MSC13_ChrisA_04.jpg */,
				EF7E8C9E1CA0C5A8005FFB2F /* WIN12_Alberto_01.png */,
				EF7E8C9F1CA0C5A8005FFB2F /* WIN12_Alberto_03.png */,
			);
			name = Images;
			sourceTree = "<group>";
		};
/* End PBXGroup section */

/* Begin PBXNativeTarget section */
		6003F589195388D20070C39A /* ProjectOxfordFace_Example */ = {
			isa = PBXNativeTarget;
			buildConfigurationList = 6003F5BF195388D20070C39A /* Build configuration list for PBXNativeTarget "ProjectOxfordFace_Example" */;
			buildPhases = (
				08A1EA335456ECD64FF3D02C /* Check Pods Manifest.lock */,
				6003F586195388D20070C39A /* Sources */,
				6003F587195388D20070C39A /* Frameworks */,
				6003F588195388D20070C39A /* Resources */,
				7EAFCFDD131221F50E66F2F9 /* Embed Pods Frameworks */,
				B59423383A9468BB6C00967E /* Copy Pods Resources */,
			);
			buildRules = (
			);
			dependencies = (
			);
			name = ProjectOxfordFace_Example;
			productName = ProjectOxfordFace;
			productReference = 6003F58A195388D20070C39A /* ProjectOxfordFace_Example.app */;
			productType = "com.apple.product-type.application";
		};
		6003F5AD195388D20070C39A /* ProjectOxfordFace_Tests */ = {
			isa = PBXNativeTarget;
			buildConfigurationList = 6003F5C2195388D20070C39A /* Build configuration list for PBXNativeTarget "ProjectOxfordFace_Tests" */;
			buildPhases = (
				BC5A290257562FDE9F50EDF4 /* Check Pods Manifest.lock */,
				6003F5AA195388D20070C39A /* Sources */,
				6003F5AB195388D20070C39A /* Frameworks */,
				6003F5AC195388D20070C39A /* Resources */,
				AE1F4E56A424F20BC76BBE1D /* Embed Pods Frameworks */,
				0A9A8AE081ED1963C4A08B5D /* Copy Pods Resources */,
			);
			buildRules = (
			);
			dependencies = (
				6003F5B4195388D20070C39A /* PBXTargetDependency */,
			);
			name = ProjectOxfordFace_Tests;
			productName = ProjectOxfordFaceTests;
			productReference = 6003F5AE195388D20070C39A /* ProjectOxfordFace_Tests.xctest */;
			productType = "com.apple.product-type.bundle.unit-test";
		};
/* End PBXNativeTarget section */

/* Begin PBXProject section */
		6003F582195388D10070C39A /* Project object */ = {
			isa = PBXProject;
			attributes = {
				CLASSPREFIX = MPO;
				LastUpgradeCheck = 0720;
				ORGANIZATIONNAME = "David Porter";
				TargetAttributes = {
					6003F589195388D20070C39A = {
						DevelopmentTeam = 27V3P2E7T9;
					};
					6003F5AD195388D20070C39A = {
						TestTargetID = 6003F589195388D20070C39A;
					};
				};
			};
			buildConfigurationList = 6003F585195388D10070C39A /* Build configuration list for PBXProject "ProjectOxfordFace" */;
			compatibilityVersion = "Xcode 3.2";
			developmentRegion = English;
			hasScannedForEncodings = 0;
			knownRegions = (
				en,
				Base,
			);
			mainGroup = 6003F581195388D10070C39A;
			productRefGroup = 6003F58B195388D20070C39A /* Products */;
			projectDirPath = "";
			projectRoot = "";
			targets = (
				6003F589195388D20070C39A /* ProjectOxfordFace_Example */,
				6003F5AD195388D20070C39A /* ProjectOxfordFace_Tests */,
			);
		};
/* End PBXProject section */

/* Begin PBXResourcesBuildPhase section */
		6003F588195388D20070C39A /* Resources */ = {
			isa = PBXResourcesBuildPhase;
			buildActionMask = 2147483647;
			files = (
				EF7E8CA61CA0C5A8005FFB2F /* WIN12_Alberto_03.png in Resources */,
				EF707D741CA1061B00C7AF5D /* MPOActivityIndicatorViewController.xib in Resources */,
				EF7E8CA21CA0C5A8005FFB2F /* MSC13_ChrisA_01.jpg in Resources */,
				EF7E8CA31CA0C5A8005FFB2F /* MSC13_ChrisA_02.jpg in Resources */,
				6003F5A9195388D20070C39A /* Images.xcassets in Resources */,
				EF7E8CA01CA0C5A8005FFB2F /* MSC12_John_001.jpg in Resources */,
				EFD5E59B1C79AA7300CD8FE8 /* MainStoryboard.storyboard in Resources */,
				EF7E8CA41CA0C5A8005FFB2F /* MSC13_ChrisA_04.jpg in Resources */,
				EF7E8CA51CA0C5A8005FFB2F /* WIN12_Alberto_01.png in Resources */,
				EF7E8CA11CA0C5A8005FFB2F /* MSC12_John_002.jpg in Resources */,
				6003F598195388D20070C39A /* InfoPlist.strings in Resources */,
			);
			runOnlyForDeploymentPostprocessing = 0;
		};
		6003F5AC195388D20070C39A /* Resources */ = {
			isa = PBXResourcesBuildPhase;
			buildActionMask = 2147483647;
			files = (
				6003F5BA195388D20070C39A /* InfoPlist.strings in Resources */,
			);
			runOnlyForDeploymentPostprocessing = 0;
		};
/* End PBXResourcesBuildPhase section */

/* Begin PBXShellScriptBuildPhase section */
		08A1EA335456ECD64FF3D02C /* Check Pods Manifest.lock */ = {
			isa = PBXShellScriptBuildPhase;
			buildActionMask = 2147483647;
			files = (
			);
			inputPaths = (
			);
			name = "Check Pods Manifest.lock";
			outputPaths = (
			);
			runOnlyForDeploymentPostprocessing = 0;
			shellPath = /bin/sh;
			shellScript = "diff \"${PODS_ROOT}/../Podfile.lock\" \"${PODS_ROOT}/Manifest.lock\" > /dev/null\nif [[ $? != 0 ]] ; then\n    cat << EOM\nerror: The sandbox is not in sync with the Podfile.lock. Run 'pod install' or update your CocoaPods installation.\nEOM\n    exit 1\nfi\n";
			showEnvVarsInLog = 0;
		};
		0A9A8AE081ED1963C4A08B5D /* Copy Pods Resources */ = {
			isa = PBXShellScriptBuildPhase;
			buildActionMask = 2147483647;
			files = (
			);
			inputPaths = (
			);
			name = "Copy Pods Resources";
			outputPaths = (
			);
			runOnlyForDeploymentPostprocessing = 0;
			shellPath = /bin/sh;
			shellScript = "\"${SRCROOT}/Pods/Target Support Files/Pods-ProjectOxfordFace_Tests/Pods-ProjectOxfordFace_Tests-resources.sh\"\n";
			showEnvVarsInLog = 0;
		};
		7EAFCFDD131221F50E66F2F9 /* Embed Pods Frameworks */ = {
			isa = PBXShellScriptBuildPhase;
			buildActionMask = 2147483647;
			files = (
			);
			inputPaths = (
			);
			name = "Embed Pods Frameworks";
			outputPaths = (
			);
			runOnlyForDeploymentPostprocessing = 0;
			shellPath = /bin/sh;
			shellScript = "\"${SRCROOT}/Pods/Target Support Files/Pods-ProjectOxfordFace_Example/Pods-ProjectOxfordFace_Example-frameworks.sh\"\n";
			showEnvVarsInLog = 0;
		};
		AE1F4E56A424F20BC76BBE1D /* Embed Pods Frameworks */ = {
			isa = PBXShellScriptBuildPhase;
			buildActionMask = 2147483647;
			files = (
			);
			inputPaths = (
			);
			name = "Embed Pods Frameworks";
			outputPaths = (
			);
			runOnlyForDeploymentPostprocessing = 0;
			shellPath = /bin/sh;
			shellScript = "\"${SRCROOT}/Pods/Target Support Files/Pods-ProjectOxfordFace_Tests/Pods-ProjectOxfordFace_Tests-frameworks.sh\"\n";
			showEnvVarsInLog = 0;
		};
		B59423383A9468BB6C00967E /* Copy Pods Resources */ = {
			isa = PBXShellScriptBuildPhase;
			buildActionMask = 2147483647;
			files = (
			);
			inputPaths = (
			);
			name = "Copy Pods Resources";
			outputPaths = (
			);
			runOnlyForDeploymentPostprocessing = 0;
			shellPath = /bin/sh;
			shellScript = "\"${SRCROOT}/Pods/Target Support Files/Pods-ProjectOxfordFace_Example/Pods-ProjectOxfordFace_Example-resources.sh\"\n";
			showEnvVarsInLog = 0;
		};
		BC5A290257562FDE9F50EDF4 /* Check Pods Manifest.lock */ = {
			isa = PBXShellScriptBuildPhase;
			buildActionMask = 2147483647;
			files = (
			);
			inputPaths = (
			);
			name = "Check Pods Manifest.lock";
			outputPaths = (
			);
			runOnlyForDeploymentPostprocessing = 0;
			shellPath = /bin/sh;
			shellScript = "diff \"${PODS_ROOT}/../Podfile.lock\" \"${PODS_ROOT}/Manifest.lock\" > /dev/null\nif [[ $? != 0 ]] ; then\n    cat << EOM\nerror: The sandbox is not in sync with the Podfile.lock. Run 'pod install' or update your CocoaPods installation.\nEOM\n    exit 1\nfi\n";
			showEnvVarsInLog = 0;
		};
/* End PBXShellScriptBuildPhase section */

/* Begin PBXSourcesBuildPhase section */
		6003F586195388D20070C39A /* Sources */ = {
			isa = PBXSourcesBuildPhase;
			buildActionMask = 2147483647;
			files = (
				EF5E15691C9CA3C800BA4B22 /* MPOGroupingViewController.m in Sources */,
				EF5E156C1C9CAF5B00BA4B22 /* MPOGroupingTableViewCell.m in Sources */,
				6003F59E195388D20070C39A /* MPOAppDelegate.m in Sources */,
				EFD5E59E1C79AE2700CD8FE8 /* MPODetectionViewController.m in Sources */,
				EF707D731CA1061B00C7AF5D /* MPOActivityIndicatorViewController.m in Sources */,
				EFD5E5A31C79B3F600CD8FE8 /* MPODetectionCollectionViewCell.m in Sources */,
				6003F5A7195388D20070C39A /* MPODemoViewController.m in Sources */,
				EF8BFFC51C9A9C40007FF1A3 /* MPOImageCollectionViewCell.m in Sources */,
				6003F59A195388D20070C39A /* main.m in Sources */,
				EFD119A61C9A596600CC118F /* MPOVerificationViewController.m in Sources */,
				EFD119A31C9A2DF200CC118F /* MPOUtilities.m in Sources */,
				EF5E156F1C9CB89500BA4B22 /* MPOGroupingFaceCellObject.m in Sources */,
			);
			runOnlyForDeploymentPostprocessing = 0;
		};
		6003F5AA195388D20070C39A /* Sources */ = {
			isa = PBXSourcesBuildPhase;
			buildActionMask = 2147483647;
			files = (
				EF575B121C6872540021A3AD /* MPOTestHelpers.m in Sources */,
				EF575B141C6872540021A3AD /* SimilarTestCase.m in Sources */,
				EF575B0F1C6872540021A3AD /* DetectTestCase.m in Sources */,
				EF575B111C6872540021A3AD /* IdentifyTestCase.m in Sources */,
				EF575B151C6872540021A3AD /* VerifyTestCase.m in Sources */,
				6003F5BC195388D20070C39A /* Tests.m in Sources */,
				EF575B131C6872540021A3AD /* PersonGroupTestCase.m in Sources */,
				EF575B101C6872540021A3AD /* GroupTestCase.m in Sources */,
				EF9BE0141C7083380017C1FB /* FaceListTestCase.m in Sources */,
			);
			runOnlyForDeploymentPostprocessing = 0;
		};
/* End PBXSourcesBuildPhase section */

/* Begin PBXTargetDependency section */
		6003F5B4195388D20070C39A /* PBXTargetDependency */ = {
			isa = PBXTargetDependency;
			target = 6003F589195388D20070C39A /* ProjectOxfordFace_Example */;
			targetProxy = 6003F5B3195388D20070C39A /* PBXContainerItemProxy */;
		};
/* End PBXTargetDependency section */

/* Begin PBXVariantGroup section */
		6003F596195388D20070C39A /* InfoPlist.strings */ = {
			isa = PBXVariantGroup;
			children = (
				6003F597195388D20070C39A /* en */,
			);
			name = InfoPlist.strings;
			sourceTree = "<group>";
		};
		6003F5B8195388D20070C39A /* InfoPlist.strings */ = {
			isa = PBXVariantGroup;
			children = (
				6003F5B9195388D20070C39A /* en */,
			);
			name = InfoPlist.strings;
			sourceTree = "<group>";
		};
/* End PBXVariantGroup section */

/* Begin XCBuildConfiguration section */
		6003F5BD195388D20070C39A /* Debug */ = {
			isa = XCBuildConfiguration;
			buildSettings = {
				ALWAYS_SEARCH_USER_PATHS = NO;
				CLANG_CXX_LANGUAGE_STANDARD = "gnu++0x";
				CLANG_CXX_LIBRARY = "libc++";
				CLANG_ENABLE_MODULES = YES;
				CLANG_ENABLE_OBJC_ARC = YES;
				CLANG_WARN_BOOL_CONVERSION = YES;
				CLANG_WARN_CONSTANT_CONVERSION = YES;
				CLANG_WARN_DIRECT_OBJC_ISA_USAGE = YES_ERROR;
				CLANG_WARN_EMPTY_BODY = YES;
				CLANG_WARN_ENUM_CONVERSION = YES;
				CLANG_WARN_INT_CONVERSION = YES;
				CLANG_WARN_OBJC_ROOT_CLASS = YES_ERROR;
				CLANG_WARN__DUPLICATE_METHOD_MATCH = YES;
				"CODE_SIGN_IDENTITY[sdk=iphoneos*]" = "iPhone Developer";
				COPY_PHASE_STRIP = NO;
				ENABLE_TESTABILITY = YES;
				GCC_C_LANGUAGE_STANDARD = gnu99;
				GCC_DYNAMIC_NO_PIC = NO;
				GCC_OPTIMIZATION_LEVEL = 0;
				GCC_PREPROCESSOR_DEFINITIONS = (
					"DEBUG=1",
					"$(inherited)",
				);
				GCC_SYMBOLS_PRIVATE_EXTERN = NO;
				GCC_WARN_64_TO_32_BIT_CONVERSION = YES;
				GCC_WARN_ABOUT_RETURN_TYPE = YES_ERROR;
				GCC_WARN_UNDECLARED_SELECTOR = YES;
				GCC_WARN_UNINITIALIZED_AUTOS = YES_AGGRESSIVE;
				GCC_WARN_UNUSED_FUNCTION = YES;
				GCC_WARN_UNUSED_VARIABLE = YES;
				IPHONEOS_DEPLOYMENT_TARGET = 9.0;
				ONLY_ACTIVE_ARCH = YES;
				SDKROOT = iphoneos;
				TARGETED_DEVICE_FAMILY = "1,2";
			};
			name = Debug;
		};
		6003F5BE195388D20070C39A /* Release */ = {
			isa = XCBuildConfiguration;
			buildSettings = {
				ALWAYS_SEARCH_USER_PATHS = NO;
				CLANG_CXX_LANGUAGE_STANDARD = "gnu++0x";
				CLANG_CXX_LIBRARY = "libc++";
				CLANG_ENABLE_MODULES = YES;
				CLANG_ENABLE_OBJC_ARC = YES;
				CLANG_WARN_BOOL_CONVERSION = YES;
				CLANG_WARN_CONSTANT_CONVERSION = YES;
				CLANG_WARN_DIRECT_OBJC_ISA_USAGE = YES_ERROR;
				CLANG_WARN_EMPTY_BODY = YES;
				CLANG_WARN_ENUM_CONVERSION = YES;
				CLANG_WARN_INT_CONVERSION = YES;
				CLANG_WARN_OBJC_ROOT_CLASS = YES_ERROR;
				CLANG_WARN__DUPLICATE_METHOD_MATCH = YES;
				"CODE_SIGN_IDENTITY[sdk=iphoneos*]" = "iPhone Developer";
				COPY_PHASE_STRIP = YES;
				ENABLE_NS_ASSERTIONS = NO;
				GCC_C_LANGUAGE_STANDARD = gnu99;
				GCC_WARN_64_TO_32_BIT_CONVERSION = YES;
				GCC_WARN_ABOUT_RETURN_TYPE = YES_ERROR;
				GCC_WARN_UNDECLARED_SELECTOR = YES;
				GCC_WARN_UNINITIALIZED_AUTOS = YES_AGGRESSIVE;
				GCC_WARN_UNUSED_FUNCTION = YES;
				GCC_WARN_UNUSED_VARIABLE = YES;
				IPHONEOS_DEPLOYMENT_TARGET = 9.0;
				SDKROOT = iphoneos;
				TARGETED_DEVICE_FAMILY = "1,2";
				VALIDATE_PRODUCT = YES;
			};
			name = Release;
		};
		6003F5C0195388D20070C39A /* Debug */ = {
			isa = XCBuildConfiguration;
			baseConfigurationReference = DC59C05AFE225C7FB1863C1D /* Pods-ProjectOxfordFace_Example.debug.xcconfig */;
			buildSettings = {
				ASSETCATALOG_COMPILER_APPICON_NAME = AppIcon;
				ASSETCATALOG_COMPILER_LAUNCHIMAGE_NAME = LaunchImage;
				CODE_SIGN_IDENTITY = "iPhone Developer";
				"CODE_SIGN_IDENTITY[sdk=iphoneos*]" = "iPhone Developer";
				GCC_PRECOMPILE_PREFIX_HEADER = YES;
				GCC_PREFIX_HEADER = "ProjectOxfordFace/ProjectOxfordFace-Prefix.pch";
				INFOPLIST_FILE = "ProjectOxfordFace/ProjectOxfordFace-Info.plist";
				IPHONEOS_DEPLOYMENT_TARGET = 9.0;
				MODULE_NAME = ExampleApp;
				PRODUCT_BUNDLE_IDENTIFIER = "org.cocoapods.demo.${PRODUCT_NAME:rfc1034identifier}";
				PRODUCT_NAME = "$(TARGET_NAME)";
				PROVISIONING_PROFILE = "";
				WRAPPER_EXTENSION = app;
			};
			name = Debug;
		};
		6003F5C1195388D20070C39A /* Release */ = {
			isa = XCBuildConfiguration;
			baseConfigurationReference = C98BE20D78F163924B88A2C8 /* Pods-ProjectOxfordFace_Example.release.xcconfig */;
			buildSettings = {
				ASSETCATALOG_COMPILER_APPICON_NAME = AppIcon;
				ASSETCATALOG_COMPILER_LAUNCHIMAGE_NAME = LaunchImage;
				CODE_SIGN_IDENTITY = "iPhone Developer";
				"CODE_SIGN_IDENTITY[sdk=iphoneos*]" = "iPhone Developer";
				GCC_PRECOMPILE_PREFIX_HEADER = YES;
				GCC_PREFIX_HEADER = "ProjectOxfordFace/ProjectOxfordFace-Prefix.pch";
				INFOPLIST_FILE = "ProjectOxfordFace/ProjectOxfordFace-Info.plist";
				IPHONEOS_DEPLOYMENT_TARGET = 9.0;
				MODULE_NAME = ExampleApp;
				PRODUCT_BUNDLE_IDENTIFIER = "org.cocoapods.demo.${PRODUCT_NAME:rfc1034identifier}";
				PRODUCT_NAME = "$(TARGET_NAME)";
				PROVISIONING_PROFILE = "";
				WRAPPER_EXTENSION = app;
			};
			name = Release;
		};
		6003F5C3195388D20070C39A /* Debug */ = {
			isa = XCBuildConfiguration;
			baseConfigurationReference = EAD6BF53EC20FEF78B15D668 /* Pods-ProjectOxfordFace_Tests.debug.xcconfig */;
			buildSettings = {
				BUNDLE_LOADER = "$(TEST_HOST)";
				FRAMEWORK_SEARCH_PATHS = (
					"$(SDKROOT)/Developer/Library/Frameworks",
					"$(inherited)",
					"$(DEVELOPER_FRAMEWORKS_DIR)",
				);
				GCC_PRECOMPILE_PREFIX_HEADER = YES;
				GCC_PREFIX_HEADER = "Tests/Tests-Prefix.pch";
				GCC_PREPROCESSOR_DEFINITIONS = (
					"DEBUG=1",
					"$(inherited)",
				);
				INFOPLIST_FILE = "Tests/Tests-Info.plist";
				PRODUCT_BUNDLE_IDENTIFIER = "org.cocoapods.demo.${PRODUCT_NAME:rfc1034identifier}";
				PRODUCT_NAME = "$(TARGET_NAME)";
				TEST_HOST = "$(BUILT_PRODUCTS_DIR)/ProjectOxfordFace_Example.app/ProjectOxfordFace_Example";
				WRAPPER_EXTENSION = xctest;
			};
			name = Debug;
		};
		6003F5C4195388D20070C39A /* Release */ = {
			isa = XCBuildConfiguration;
			baseConfigurationReference = 9BDF02FA75F8B09685202276 /* Pods-ProjectOxfordFace_Tests.release.xcconfig */;
			buildSettings = {
				BUNDLE_LOADER = "$(TEST_HOST)";
				FRAMEWORK_SEARCH_PATHS = (
					"$(SDKROOT)/Developer/Library/Frameworks",
					"$(inherited)",
					"$(DEVELOPER_FRAMEWORKS_DIR)",
				);
				GCC_PRECOMPILE_PREFIX_HEADER = YES;
				GCC_PREFIX_HEADER = "Tests/Tests-Prefix.pch";
				INFOPLIST_FILE = "Tests/Tests-Info.plist";
				PRODUCT_BUNDLE_IDENTIFIER = "org.cocoapods.demo.${PRODUCT_NAME:rfc1034identifier}";
				PRODUCT_NAME = "$(TARGET_NAME)";
				TEST_HOST = "$(BUILT_PRODUCTS_DIR)/ProjectOxfordFace_Example.app/ProjectOxfordFace_Example";
				WRAPPER_EXTENSION = xctest;
			};
			name = Release;
		};
/* End XCBuildConfiguration section */

/* Begin XCConfigurationList section */
		6003F585195388D10070C39A /* Build configuration list for PBXProject "ProjectOxfordFace" */ = {
			isa = XCConfigurationList;
			buildConfigurations = (
				6003F5BD195388D20070C39A /* Debug */,
				6003F5BE195388D20070C39A /* Release */,
			);
			defaultConfigurationIsVisible = 0;
			defaultConfigurationName = Release;
		};
		6003F5BF195388D20070C39A /* Build configuration list for PBXNativeTarget "ProjectOxfordFace_Example" */ = {
			isa = XCConfigurationList;
			buildConfigurations = (
				6003F5C0195388D20070C39A /* Debug */,
				6003F5C1195388D20070C39A /* Release */,
			);
			defaultConfigurationIsVisible = 0;
			defaultConfigurationName = Release;
		};
		6003F5C2195388D20070C39A /* Build configuration list for PBXNativeTarget "ProjectOxfordFace_Tests" */ = {
			isa = XCConfigurationList;
			buildConfigurations = (
				6003F5C3195388D20070C39A /* Debug */,
				6003F5C4195388D20070C39A /* Release */,
			);
			defaultConfigurationIsVisible = 0;
			defaultConfigurationName = Release;
		};
/* End XCConfigurationList section */
	};
	rootObject = 6003F582195388D10070C39A /* Project object */;
}
