
Microsoft Visual Studio Solution File, Format Version 12.00
# Visual Studio 14
VisualStudioVersion = 14.0.24720.0
MinimumVisualStudioVersion = 10.0.40219.1
Project("{FAE04EC0-301F-11D3-BF4B-00C04F79EFBC}") = "Linguistics.Sample", "Linguistics.Sample.csproj", "{9BE553C3-E1B7-4C0A-B868-02E4252FA48C}"
EndProject
Project("{FAE04EC0-301F-11D3-BF4B-00C04F79EFBC}") = "LinguisticsClient", "..\ClientLibrary\LinguisticsClient.csproj", "{8388E984-34E1-443D-9F04-D588DC4BBB22}"
EndProject
Global
	GlobalSection(SolutionConfigurationPlatforms) = preSolution
		Debug|Any CPU = Debug|Any CPU
		Release|Any CPU = Release|Any CPU
	EndGlobalSection
	GlobalSection(ProjectConfigurationPlatforms) = postSolution
		{9BE553C3-E1B7-4C0A-B868-02E4252FA48C}.Debug|Any CPU.ActiveCfg = Debug|Any CPU
		{9BE553C3-E1B7-4C0A-B868-02E4252FA48C}.Debug|Any CPU.Build.0 = Debug|Any CPU
		{9BE553C3-E1B7-4C0A-B868-02E4252FA48C}.Release|Any CPU.ActiveCfg = Release|Any CPU
		{9BE553C3-E1B7-4C0A-B868-02E4252FA48C}.Release|Any CPU.Build.0 = Release|Any CPU
		{8388E984-34E1-443D-9F04-D588DC4BBB22}.Debug|Any CPU.ActiveCfg = Debug|Any CPU
		{8388E984-34E1-443D-9F04-D588DC4BBB22}.Debug|Any CPU.Build.0 = Debug|Any CPU
		{8388E984-34E1-443D-9F04-D588DC4BBB22}.Release|Any CPU.ActiveCfg = Release|Any CPU
		{8388E984-34E1-443D-9F04-D588DC4BBB22}.Release|Any CPU.Build.0 = Release|Any CPU
	EndGlobalSection
	GlobalSection(SolutionProperties) = preSolution
		HideSolutionNode = FALSE
	EndGlobalSection
EndGlobal
